Microsoft Visual Studio Solution File, Format Version 12.00
# Visual Studio Version 17
VisualStudioVersion = 17.5.2.0
MinimumVisualStudioVersion = 10.0.40219.1
Project("{FAE04EC0-301F-11D3-BF4B-00C04F79EFBC}") = "MultiVendorEcommerce", "MultiVendorEcommerce.csproj", "{154A63AB-B65C-34CE-7219-005FEDB47016}"
EndProject
Global
	GlobalSection(SolutionConfigurationPlatforms) = preSolution
		Debug|Any CPU = Debug|Any CPU
		Release|Any CPU = Release|Any CPU
	EndGlobalSection
	GlobalSection(ProjectConfigurationPlatforms) = postSolution
		{154A63AB-B65C-34CE-7219-005FEDB47016}.Debug|Any CPU.ActiveCfg = Debug|Any CPU
		{154A63AB-B65C-34CE-7219-005FEDB47016}.Debug|Any CPU.Build.0 = Debug|Any CPU
		{154A63AB-B65C-34CE-7219-005FEDB47016}.Release|Any CPU.ActiveCfg = Release|Any CPU
		{154A63AB-B65C-34CE-7219-005FEDB47016}.Release|Any CPU.Build.0 = Release|Any CPU
	EndGlobalSection
	GlobalSection(SolutionProperties) = preSolution
		HideSolutionNode = FALSE
	EndGlobalSection
	GlobalSection(ExtensibilityGlobals) = postSolution
		SolutionGuid = {5A8303DB-9DE8-4D5F-8E00-9BC9AC2172C7}
	EndGlobalSection
EndGlobal
